
Microsoft Visual Studio Solution File, Format Version 12.00
# Visual Studio Version 17
VisualStudioVersion = 17.5.2.0
MinimumVisualStudioVersion = 10.0.40219.1
Project("{FAE04EC0-301F-11D3-BF4B-00C04F79EFBC}") = "‘MetricSystem’.", "‘MetricSystem’..csproj", "{6253F166-42C8-360A-1B6F-FB1F9EC5B7EB}"
EndProject
Global
	GlobalSection(SolutionConfigurationPlatforms) = preSolution
		Debug|Any CPU = Debug|Any CPU
		Release|Any CPU = Release|Any CPU
	EndGlobalSection
	GlobalSection(ProjectConfigurationPlatforms) = postSolution
		{6253F166-42C8-360A-1B6F-FB1F9EC5B7EB}.Debug|Any CPU.ActiveCfg = Debug|Any CPU
		{6253F166-42C8-360A-1B6F-FB1F9EC5B7EB}.Debug|Any CPU.Build.0 = Debug|Any CPU
		{6253F166-42C8-360A-1B6F-FB1F9EC5B7EB}.Release|Any CPU.ActiveCfg = Release|Any CPU
		{6253F166-42C8-360A-1B6F-FB1F9EC5B7EB}.Release|Any CPU.Build.0 = Release|Any CPU
	EndGlobalSection
	GlobalSection(SolutionProperties) = preSolution
		HideSolutionNode = FALSE
	EndGlobalSection
	GlobalSection(ExtensibilityGlobals) = postSolution
		SolutionGuid = {8958BE3C-1B95-4CEA-BF5F-FE76E21B7E86}
	EndGlobalSection
EndGlobal
